
Microsoft Visual Studio Solution File, Format Version 12.00
# Visual Studio 15
VisualStudioVersion = 15.0.26730.16
MinimumVisualStudioVersion = 10.0.40219.1
Project("{FAE04EC0-301F-11D3-BF4B-00C04F79EFBC}") = "LoanBrokerBankRulesAPI", "LoanBrokerBankRulesAPI\LoanBrokerBankRulesAPI.csproj", "{C83FDD77-A546-4F4A-855F-85C0B91B9387}"
EndProject
Global
	GlobalSection(SolutionConfigurationPlatforms) = preSolution
		Debug|Any CPU = Debug|Any CPU
		Release|Any CPU = Release|Any CPU
	EndGlobalSection
	GlobalSection(ProjectConfigurationPlatforms) = postSolution
		{C83FDD77-A546-4F4A-855F-85C0B91B9387}.Debug|Any CPU.ActiveCfg = Debug|Any CPU
		{C83FDD77-A546-4F4A-855F-85C0B91B9387}.Debug|Any CPU.Build.0 = Debug|Any CPU
		{C83FDD77-A546-4F4A-855F-85C0B91B9387}.Release|Any CPU.ActiveCfg = Release|Any CPU
		{C83FDD77-A546-4F4A-855F-85C0B91B9387}.Release|Any CPU.Build.0 = Release|Any CPU
	EndGlobalSection
	GlobalSection(SolutionProperties) = preSolution
		HideSolutionNode = FALSE
	EndGlobalSection
	GlobalSection(ExtensibilityGlobals) = postSolution
		SolutionGuid = {8D7EA55F-7EE0-47A0-BD44-E049D366694A}
	EndGlobalSection
EndGlobal
